// !$*UTF8*$!
{
	archiveVersion = 1;
	classes = {
	};
	objectVersion = 46;
	objects = {

/* Begin PBXBuildFile section */
		1B1684481C3B164200220B6E /* main.m in Sources */ = {isa = PBXBuildFile; fileRef = 1B1684471C3B164200220B6E /* main.m */; };
		1B16844B1C3B164200220B6E /* AppDelegate.m in Sources */ = {isa = PBXBuildFile; fileRef = 1B16844A1C3B164200220B6E /* AppDelegate.m */; };
		1B16844E1C3B164200220B6E /* ImagePickerViewController.m in Sources */ = {isa = PBXBuildFile; fileRef = 1B16844D1C3B164200220B6E /* ImagePickerViewController.m */; };
		1B1684511C3B164200220B6E /* Main.storyboard in Resources */ = {isa = PBXBuildFile; fileRef = 1B16844F1C3B164200220B6E /* Main.storyboard */; };
		1B1684531C3B164200220B6E /* Assets.xcassets in Resources */ = {isa = PBXBuildFile; fileRef = 1B1684521C3B164200220B6E /* Assets.xcassets */; };
		1B1684561C3B164200220B6E /* LaunchScreen.storyboard in Resources */ = {isa = PBXBuildFile; fileRef = 1B1684541C3B164200220B6E /* LaunchScreen.storyboard */; };
		1B1684611C3B164200220B6E /* imagepicker_objcTests.m in Sources */ = {isa = PBXBuildFile; fileRef = 1B1684601C3B164200220B6E /* imagepicker_objcTests.m */; };
		1B16846C1C3B164200220B6E /* imagepicker_objcUITests.m in Sources */ = {isa = PBXBuildFile; fileRef = 1B16846B1C3B164200220B6E /* imagepicker_objcUITests.m */; };
/* End PBXBuildFile section */

/* Begin PBXContainerItemProxy section */
		1B16845D1C3B164200220B6E /* PBXContainerItemProxy */ = {
			isa = PBXContainerItemProxy;
			containerPortal = 1B16843B1C3B164200220B6E /* Project object */;
			proxyType = 1;
			remoteGlobalIDString = 1B1684421C3B164200220B6E;
			remoteInfo = "imagepicker-objc";
		};
		1B1684681C3B164200220B6E /* PBXContainerItemProxy */ = {
			isa = PBXContainerItemProxy;
			containerPortal = 1B16843B1C3B164200220B6E /* Project object */;
			proxyType = 1;
			remoteGlobalIDString = 1B1684421C3B164200220B6E;
			remoteInfo = "imagepicker-objc";
		};
/* End PBXContainerItemProxy section */

/* Begin PBXFileReference section */
		1B1684431C3B164200220B6E /* imagepicker-objc.app */ = {isa = PBXFileReference; explicitFileType = wrapper.application; includeInIndex = 0; path = "imagepicker-objc.app"; sourceTree = BUILT_PRODUCTS_DIR; };
		1B1684471C3B164200220B6E /* main.m */ = {isa = PBXFileReference; lastKnownFileType = sourcecode.c.objc; path = main.m; sourceTree = "<group>"; };
		1B1684491C3B164200220B6E /* AppDelegate.h */ = {isa = PBXFileReference; lastKnownFileType = sourcecode.c.h; path = AppDelegate.h; sourceTree = "<group>"; };
		1B16844A1C3B164200220B6E /* AppDelegate.m */ = {isa = PBXFileReference; lastKnownFileType = sourcecode.c.objc; path = AppDelegate.m; sourceTree = "<group>"; };
		1B16844C1C3B164200220B6E /* ImagePickerViewController.h */ = {isa = PBXFileReference; lastKnownFileType = sourcecode.c.h; path = ImagePickerViewController.h; sourceTree = "<group>"; };
		1B16844D1C3B164200220B6E /* ImagePickerViewController.m */ = {isa = PBXFileReference; lastKnownFileType = sourcecode.c.objc; path = ImagePickerViewController.m; sourceTree = "<group>"; };
		1B1684501C3B164200220B6E /* Base */ = {isa = PBXFileReference; lastKnownFileType = file.storyboard; name = Base; path = Base.lproj/Main.storyboard; sourceTree = "<group>"; };
		1B1684521C3B164200220B6E /* Assets.xcassets */ = {isa = PBXFileReference; lastKnownFileType = folder.assetcatalog; path = Assets.xcassets; sourceTree = "<group>"; };
		1B1684551C3B164200220B6E /* Base */ = {isa = PBXFileReference; lastKnownFileType = file.storyboard; name = Base; path = Base.lproj/LaunchScreen.storyboard; sourceTree = "<group>"; };
		1B1684571C3B164200220B6E /* Info.plist */ = {isa = PBXFileReference; lastKnownFileType = text.plist.xml; path = Info.plist; sourceTree = "<group>"; };
		1B16845C1C3B164200220B6E /* imagepicker-objcTests.xctest */ = {isa = PBXFileReference; explicitFileType = wrapper.cfbundle; includeInIndex = 0; path = "imagepicker-objcTests.xctest"; sourceTree = BUILT_PRODUCTS_DIR; };
		1B1684601C3B164200220B6E /* imagepicker_objcTests.m */ = {isa = PBXFileReference; lastKnownFileType = sourcecode.c.objc; path = imagepicker_objcTests.m; sourceTree = "<group>"; };
		1B1684621C3B164200220B6E /* Info.plist */ = {isa = PBXFileReference; lastKnownFileType = text.plist.xml; path = Info.plist; sourceTree = "<group>"; };
		1B1684671C3B164200220B6E /* imagepicker-objcUITests.xctest */ = {isa = PBXFileReference; explicitFileType = wrapper.cfbundle; includeInIndex = 0; path = "imagepicker-objcUITests.xctest"; sourceTree = BUILT_PRODUCTS_DIR; };
		1B16846B1C3B164200220B6E /* imagepicker_objcUITests.m */ = {isa = PBXFileReference; lastKnownFileType = sourcecode.c.objc; path = imagepicker_objcUITests.m; sourceTree = "<group>"; };
		1B16846D1C3B164200220B6E /* Info.plist */ = {isa = PBXFileReference; lastKnownFileType = text.plist.xml; path = Info.plist; sourceTree = "<group>"; };
/* End PBXFileReference section */

/* Begin PBXFrameworksBuildPhase section */
		1B1684401C3B164200220B6E /* Frameworks */ = {
			isa = PBXFrameworksBuildPhase;
			buildActionMask = 2147483647;
			files = (
			);
			runOnlyForDeploymentPostprocessing = 0;
		};
		1B1684591C3B164200220B6E /* Frameworks */ = {
			isa = PBXFrameworksBuildPhase;
			buildActionMask = 2147483647;
			files = (
			);
			runOnlyForDeploymentPostprocessing = 0;
		};
		1B1684641C3B164200220B6E /* Frameworks */ = {
			isa = PBXFrameworksBuildPhase;
			buildActionMask = 2147483647;
			files = (
			);
			runOnlyForDeploymentPostprocessing = 0;
		};
/* End PBXFrameworksBuildPhase section */

/* Begin PBXGroup section */
		1B16843A1C3B164200220B6E = {
			isa = PBXGroup;
			children = (
				1B1684451C3B164200220B6E /* imagepicker-objc */,
				1B16845F1C3B164200220B6E /* imagepicker-objcTests */,
				1B16846A1C3B164200220B6E /* imagepicker-objcUITests */,
				1B1684441C3B164200220B6E /* Products */,
				D39530E61410932632F11491 /* Frameworks */,
			);
			sourceTree = "<group>";
		};
		1B1684441C3B164200220B6E /* Products */ = {
			isa = PBXGroup;
			children = (
				1B1684431C3B164200220B6E /* imagepicker-objc.app */,
				1B16845C1C3B164200220B6E /* imagepicker-objcTests.xctest */,
				1B1684671C3B164200220B6E /* imagepicker-objcUITests.xctest */,
			);
			name = Products;
			sourceTree = "<group>";
		};
		1B1684451C3B164200220B6E /* imagepicker-objc */ = {
			isa = PBXGroup;
			children = (
				1B1684491C3B164200220B6E /* AppDelegate.h */,
				1B16844A1C3B164200220B6E /* AppDelegate.m */,
				1B16844C1C3B164200220B6E /* ImagePickerViewController.h */,
				1B16844D1C3B164200220B6E /* ImagePickerViewController.m */,
				1B16844F1C3B164200220B6E /* Main.storyboard */,
				1B1684521C3B164200220B6E /* Assets.xcassets */,
				1B1684541C3B164200220B6E /* LaunchScreen.storyboard */,
				1B1684571C3B164200220B6E /* Info.plist */,
				1B1684461C3B164200220B6E /* Supporting Files */,
			);
			path = "imagepicker-objc";
			sourceTree = "<group>";
		};
		1B1684461C3B164200220B6E /* Supporting Files */ = {
			isa = PBXGroup;
			children = (
				1B1684471C3B164200220B6E /* main.m */,
			);
			name = "Supporting Files";
			sourceTree = "<group>";
		};
		1B16845F1C3B164200220B6E /* imagepicker-objcTests */ = {
			isa = PBXGroup;
			children = (
				1B1684601C3B164200220B6E /* imagepicker_objcTests.m */,
				1B1684621C3B164200220B6E /* Info.plist */,
			);
			path = "imagepicker-objcTests";
			sourceTree = "<group>";
		};
		1B16846A1C3B164200220B6E /* imagepicker-objcUITests */ = {
			isa = PBXGroup;
			children = (
				1B16846B1C3B164200220B6E /* imagepicker_objcUITests.m */,
				1B16846D1C3B164200220B6E /* Info.plist */,
			);
			path = "imagepicker-objcUITests";
			sourceTree = "<group>";
		};
		D39530E61410932632F11491 /* Frameworks */ = {
			isa = PBXGroup;
			children = (
			);
			name = Frameworks;
			sourceTree = "<group>";
		};
/* End PBXGroup section */

/* Begin PBXNativeTarget section */
		1B1684421C3B164200220B6E /* imagepicker-objc */ = {
			isa = PBXNativeTarget;
			buildConfigurationList = 1B1684701C3B164200220B6E /* Build configuration list for PBXNativeTarget "imagepicker-objc" */;
			buildPhases = (
				1B16843F1C3B164200220B6E /* Sources */,
				1B1684401C3B164200220B6E /* Frameworks */,
				1B1684411C3B164200220B6E /* Resources */,
			);
			buildRules = (
			);
			dependencies = (
			);
			name = "imagepicker-objc";
			productName = "imagepicker-objc";
			productReference = 1B1684431C3B164200220B6E /* imagepicker-objc.app */;
			productType = "com.apple.product-type.application";
		};
		1B16845B1C3B164200220B6E /* imagepicker-objcTests */ = {
			isa = PBXNativeTarget;
			buildConfigurationList = 1B1684731C3B164200220B6E /* Build configuration list for PBXNativeTarget "imagepicker-objcTests" */;
			buildPhases = (
				1B1684581C3B164200220B6E /* Sources */,
				1B1684591C3B164200220B6E /* Frameworks */,
				1B16845A1C3B164200220B6E /* Resources */,
			);
			buildRules = (
			);
			dependencies = (
				1B16845E1C3B164200220B6E /* PBXTargetDependency */,
			);
			name = "imagepicker-objcTests";
			productName = "imagepicker-objcTests";
			productReference = 1B16845C1C3B164200220B6E /* imagepicker-objcTests.xctest */;
			productType = "com.apple.product-type.bundle.unit-test";
		};
		1B1684661C3B164200220B6E /* imagepicker-objcUITests */ = {
			isa = PBXNativeTarget;
			buildConfigurationList = 1B1684761C3B164200220B6E /* Build configuration list for PBXNativeTarget "imagepicker-objcUITests" */;
			buildPhases = (
				1B1684631C3B164200220B6E /* Sources */,
				1B1684641C3B164200220B6E /* Frameworks */,
				1B1684651C3B164200220B6E /* Resources */,
			);
			buildRules = (
			);
			dependencies = (
				1B1684691C3B164200220B6E /* PBXTargetDependency */,
			);
			name = "imagepicker-objcUITests";
			productName = "imagepicker-objcUITests";
			productReference = 1B1684671C3B164200220B6E /* imagepicker-objcUITests.xctest */;
			productType = "com.apple.product-type.bundle.ui-testing";
		};
/* End PBXNativeTarget section */

/* Begin PBXProject section */
		1B16843B1C3B164200220B6E /* Project object */ = {
			isa = PBXProject;
			attributes = {
				LastUpgradeCheck = 0720;
				ORGANIZATIONNAME = "Sara Robinson";
				TargetAttributes = {
					1B1684421C3B164200220B6E = {
						CreatedOnToolsVersion = 7.2;
					};
					1B16845B1C3B164200220B6E = {
						CreatedOnToolsVersion = 7.2;
						TestTargetID = 1B1684421C3B164200220B6E;
					};
					1B1684661C3B164200220B6E = {
						CreatedOnToolsVersion = 7.2;
						TestTargetID = 1B1684421C3B164200220B6E;
					};
				};
			};
			buildConfigurationList = 1B16843E1C3B164200220B6E /* Build configuration list for PBXProject "imagepicker-objc" */;
			compatibilityVersion = "Xcode 3.2";
			developmentRegion = English;
			hasScannedForEncodings = 0;
			knownRegions = (
				en,
				Base,
			);
			mainGroup = 1B16843A1C3B164200220B6E;
			productRefGroup = 1B1684441C3B164200220B6E /* Products */;
			projectDirPath = "";
			projectRoot = "";
			targets = (
				1B1684421C3B164200220B6E /* imagepicker-objc */,
				1B16845B1C3B164200220B6E /* imagepicker-objcTests */,
				1B1684661C3B164200220B6E /* imagepicker-objcUITests */,
			);
		};
/* End PBXProject section */

/* Begin PBXResourcesBuildPhase section */
		1B1684411C3B164200220B6E /* Resources */ = {
			isa = PBXResourcesBuildPhase;
			buildActionMask = 2147483647;
			files = (
				1B1684561C3B164200220B6E /* LaunchScreen.storyboard in Resources */,
				1B1684531C3B164200220B6E /* Assets.xcassets in Resources */,
				1B1684511C3B164200220B6E /* Main.storyboard in Resources */,
			);
			runOnlyForDeploymentPostprocessing = 0;
		};
		1B16845A1C3B164200220B6E /* Resources */ = {
			isa = PBXResourcesBuildPhase;
			buildActionMask = 2147483647;
			files = (
			);
			runOnlyForDeploymentPostprocessing = 0;
		};
		1B1684651C3B164200220B6E /* Resources */ = {
			isa = PBXResourcesBuildPhase;
			buildActionMask = 2147483647;
			files = (
			);
			runOnlyForDeploymentPostprocessing = 0;
		};
/* End PBXResourcesBuildPhase section */

/* Begin PBXSourcesBuildPhase section */
		1B16843F1C3B164200220B6E /* Sources */ = {
			isa = PBXSourcesBuildPhase;
			buildActionMask = 2147483647;
			files = (
				1B16844E1C3B164200220B6E /* ImagePickerViewController.m in Sources */,
				1B16844B1C3B164200220B6E /* AppDelegate.m in Sources */,
				1B1684481C3B164200220B6E /* main.m in Sources */,
			);
			runOnlyForDeploymentPostprocessing = 0;
		};
		1B1684581C3B164200220B6E /* Sources */ = {
			isa = PBXSourcesBuildPhase;
			buildActionMask = 2147483647;
			files = (
				1B1684611C3B164200220B6E /* imagepicker_objcTests.m in Sources */,
			);
			runOnlyForDeploymentPostprocessing = 0;
		};
		1B1684631C3B164200220B6E /* Sources */ = {
			isa = PBXSourcesBuildPhase;
			buildActionMask = 2147483647;
			files = (
				1B16846C1C3B164200220B6E /* imagepicker_objcUITests.m in Sources */,
			);
			runOnlyForDeploymentPostprocessing = 0;
		};
/* End PBXSourcesBuildPhase section */

/* Begin PBXTargetDependency section */
		1B16845E1C3B164200220B6E /* PBXTargetDependency */ = {
			isa = PBXTargetDependency;
			target = 1B1684421C3B164200220B6E /* imagepicker-objc */;
			targetProxy = 1B16845D1C3B164200220B6E /* PBXContainerItemProxy */;
		};
		1B1684691C3B164200220B6E /* PBXTargetDependency */ = {
			isa = PBXTargetDependency;
			target = 1B1684421C3B164200220B6E /* imagepicker-objc */;
			targetProxy = 1B1684681C3B164200220B6E /* PBXContainerItemProxy */;
		};
/* End PBXTargetDependency section */

/* Begin PBXVariantGroup section */
		1B16844F1C3B164200220B6E /* Main.storyboard */ = {
			isa = PBXVariantGroup;
			children = (
				1B1684501C3B164200220B6E /* Base */,
			);
			name = Main.storyboard;
			sourceTree = "<group>";
		};
		1B1684541C3B164200220B6E /* LaunchScreen.storyboard */ = {
			isa = PBXVariantGroup;
			children = (
				1B1684551C3B164200220B6E /* Base */,
			);
			name = LaunchScreen.storyboard;
			sourceTree = "<group>";
		};
/* End PBXVariantGroup section */

/* Begin XCBuildConfiguration section */
		1B16846E1C3B164200220B6E /* Debug */ = {
			isa = XCBuildConfiguration;
			buildSettings = {
				ALWAYS_SEARCH_USER_PATHS = NO;
				CLANG_CXX_LANGUAGE_STANDARD = "gnu++0x";
				CLANG_CXX_LIBRARY = "libc++";
				CLANG_ENABLE_MODULES = YES;
				CLANG_ENABLE_OBJC_ARC = YES;
				CLANG_WARN_BOOL_CONVERSION = YES;
				CLANG_WARN_CONSTANT_CONVERSION = YES;
				CLANG_WARN_DIRECT_OBJC_ISA_USAGE = YES_ERROR;
				CLANG_WARN_EMPTY_BODY = YES;
				CLANG_WARN_ENUM_CONVERSION = YES;
				CLANG_WARN_INT_CONVERSION = YES;
				CLANG_WARN_OBJC_ROOT_CLASS = YES_ERROR;
				CLANG_WARN_UNREACHABLE_CODE = YES;
				CLANG_WARN__DUPLICATE_METHOD_MATCH = YES;
				"CODE_SIGN_IDENTITY[sdk=iphoneos*]" = "iPhone Developer";
				COPY_PHASE_STRIP = NO;
				DEBUG_INFORMATION_FORMAT = dwarf;
				ENABLE_STRICT_OBJC_MSGSEND = YES;
				ENABLE_TESTABILITY = YES;
				GCC_C_LANGUAGE_STANDARD = gnu99;
				GCC_DYNAMIC_NO_PIC = NO;
				GCC_NO_COMMON_BLOCKS = YES;
				GCC_OPTIMIZATION_LEVEL = 0;
				GCC_PREPROCESSOR_DEFINITIONS = (
					"DEBUG=1",
					"$(inherited)",
				);
				GCC_WARN_64_TO_32_BIT_CONVERSION = YES;
				GCC_WARN_ABOUT_RETURN_TYPE = YES_ERROR;
				GCC_WARN_UNDECLARED_SELECTOR = YES;
				GCC_WARN_UNINITIALIZED_AUTOS = YES_AGGRESSIVE;
				GCC_WARN_UNUSED_FUNCTION = YES;
				GCC_WARN_UNUSED_VARIABLE = YES;
				IPHONEOS_DEPLOYMENT_TARGET = 9.2;
				MTL_ENABLE_DEBUG_INFO = YES;
				ONLY_ACTIVE_ARCH = YES;
				SDKROOT = iphoneos;
				TARGETED_DEVICE_FAMILY = "1,2";
			};
			name = Debug;
		};
		1B16846F1C3B164200220B6E /* Release */ = {
			isa = XCBuildConfiguration;
			buildSettings = {
				ALWAYS_SEARCH_USER_PATHS = NO;
				CLANG_CXX_LANGUAGE_STANDARD = "gnu++0x";
				CLANG_CXX_LIBRARY = "libc++";
				CLANG_ENABLE_MODULES = YES;
				CLANG_ENABLE_OBJC_ARC = YES;
				CLANG_WARN_BOOL_CONVERSION = YES;
				CLANG_WARN_CONSTANT_CONVERSION = YES;
				CLANG_WARN_DIRECT_OBJC_ISA_USAGE = YES_ERROR;
				CLANG_WARN_EMPTY_BODY = YES;
				CLANG_WARN_ENUM_CONVERSION = YES;
				CLANG_WARN_INT_CONVERSION = YES;
				CLANG_WARN_OBJC_ROOT_CLASS = YES_ERROR;
				CLANG_WARN_UNREACHABLE_CODE = YES;
				CLANG_WARN__DUPLICATE_METHOD_MATCH = YES;
				"CODE_SIGN_IDENTITY[sdk=iphoneos*]" = "iPhone Developer";
				COPY_PHASE_STRIP = NO;
				DEBUG_INFORMATION_FORMAT = "dwarf-with-dsym";
				ENABLE_NS_ASSERTIONS = NO;
				ENABLE_STRICT_OBJC_MSGSEND = YES;
				GCC_C_LANGUAGE_STANDARD = gnu99;
				GCC_NO_COMMON_BLOCKS = YES;
				GCC_WARN_64_TO_32_BIT_CONVERSION = YES;
				GCC_WARN_ABOUT_RETURN_TYPE = YES_ERROR;
				GCC_WARN_UNDECLARED_SELECTOR = YES;
				GCC_WARN_UNINITIALIZED_AUTOS = YES_AGGRESSIVE;
				GCC_WARN_UNUSED_FUNCTION = YES;
				GCC_WARN_UNUSED_VARIABLE = YES;
				IPHONEOS_DEPLOYMENT_TARGET = 9.2;
				MTL_ENABLE_DEBUG_INFO = NO;
				SDKROOT = iphoneos;
				TARGETED_DEVICE_FAMILY = "1,2";
				VALIDATE_PRODUCT = YES;
			};
			name = Release;
		};
		1B1684711C3B164200220B6E /* Debug */ = {
			isa = XCBuildConfiguration;
			buildSettings = {
				ASSETCATALOG_COMPILER_APPICON_NAME = AppIcon;
				INFOPLIST_FILE = "imagepicker-objc/Info.plist";
				LD_RUNPATH_SEARCH_PATHS = "$(inherited) @executable_path/Frameworks";
				PRODUCT_BUNDLE_IDENTIFIER = "com.google.cloud.vision.sample.imagepicker-objc";
				PRODUCT_NAME = "$(TARGET_NAME)";
			};
			name = Debug;
		};
		1B1684721C3B164200220B6E /* Release */ = {
			isa = XCBuildConfiguration;
			buildSettings = {
				ASSETCATALOG_COMPILER_APPICON_NAME = AppIcon;
				INFOPLIST_FILE = "imagepicker-objc/Info.plist";
				LD_RUNPATH_SEARCH_PATHS = "$(inherited) @executable_path/Frameworks";
				PRODUCT_BUNDLE_IDENTIFIER = "com.google.cloud.vision.sample.imagepicker-objc";
				PRODUCT_NAME = "$(TARGET_NAME)";
			};
			name = Release;
		};
		1B1684741C3B164200220B6E /* Debug */ = {
			isa = XCBuildConfiguration;
			buildSettings = {
				BUNDLE_LOADER = "$(TEST_HOST)";
				INFOPLIST_FILE = "imagepicker-objcTests/Info.plist";
				LD_RUNPATH_SEARCH_PATHS = "$(inherited) @executable_path/Frameworks @loader_path/Frameworks";
				PRODUCT_BUNDLE_IDENTIFIER = "com.sara.woot.imagepicker-objcTests";
				PRODUCT_NAME = "$(TARGET_NAME)";
				TEST_HOST = "$(BUILT_PRODUCTS_DIR)/imagepicker-objc.app/imagepicker-objc";
			};
			name = Debug;
		};
		1B1684751C3B164200220B6E /* Release */ = {
			isa = XCBuildConfiguration;
			buildSettings = {
				BUNDLE_LOADER = "$(TEST_HOST)";
				INFOPLIST_FILE = "imagepicker-objcTests/Info.plist";
				LD_RUNPATH_SEARCH_PATHS = "$(inherited) @executable_path/Frameworks @loader_path/Frameworks";
				PRODUCT_BUNDLE_IDENTIFIER = "com.sara.woot.imagepicker-objcTests";
				PRODUCT_NAME = "$(TARGET_NAME)";
				TEST_HOST = "$(BUILT_PRODUCTS_DIR)/imagepicker-objc.app/imagepicker-objc";
			};
			name = Release;
		};
		1B1684771C3B164200220B6E /* Debug */ = {
			isa = XCBuildConfiguration;
			buildSettings = {
				INFOPLIST_FILE = "imagepicker-objcUITests/Info.plist";
				LD_RUNPATH_SEARCH_PATHS = "$(inherited) @executable_path/Frameworks @loader_path/Frameworks";
				PRODUCT_BUNDLE_IDENTIFIER = "com.sara.woot.imagepicker-objcUITests";
				PRODUCT_NAME = "$(TARGET_NAME)";
				TEST_TARGET_NAME = "imagepicker-objc";
				USES_XCTRUNNER = YES;
			};
			name = Debug;
		};
		1B1684781C3B164200220B6E /* Release */ = {
			isa = XCBuildConfiguration;
			buildSettings = {
				INFOPLIST_FILE = "imagepicker-objcUITests/Info.plist";
				LD_RUNPATH_SEARCH_PATHS = "$(inherited) @executable_path/Frameworks @loader_path/Frameworks";
				PRODUCT_BUNDLE_IDENTIFIER = "com.sara.woot.imagepicker-objcUITests";
				PRODUCT_NAME = "$(TARGET_NAME)";
				TEST_TARGET_NAME = "imagepicker-objc";
				USES_XCTRUNNER = YES;
			};
			name = Release;
		};
/* End XCBuildConfiguration section */

/* Begin XCConfigurationList section */
		1B16843E1C3B164200220B6E /* Build configuration list for PBXProject "imagepicker-objc" */ = {
			isa = XCConfigurationList;
			buildConfigurations = (
				1B16846E1C3B164200220B6E /* Debug */,
				1B16846F1C3B164200220B6E /* Release */,
			);
			defaultConfigurationIsVisible = 0;
			defaultConfigurationName = Release;
		};
		1B1684701C3B164200220B6E /* Build configuration list for PBXNativeTarget "imagepicker-objc" */ = {
			isa = XCConfigurationList;
			buildConfigurations = (
				1B1684711C3B164200220B6E /* Debug */,
				1B1684721C3B164200220B6E /* Release */,
			);
			defaultConfigurationIsVisible = 0;
			defaultConfigurationName = Release;
		};
		1B1684731C3B164200220B6E /* Build configuration list for PBXNativeTarget "imagepicker-objcTests" */ = {
			isa = XCConfigurationList;
			buildConfigurations = (
				1B1684741C3B164200220B6E /* Debug */,
				1B1684751C3B164200220B6E /* Release */,
			);
			defaultConfigurationIsVisible = 0;
			defaultConfigurationName = Release;
		};
		1B1684761C3B164200220B6E /* Build configuration list for PBXNativeTarget "imagepicker-objcUITests" */ = {
			isa = XCConfigurationList;
			buildConfigurations = (
				1B1684771C3B164200220B6E /* Debug */,
				1B1684781C3B164200220B6E /* Release */,
			);
			defaultConfigurationIsVisible = 0;
			defaultConfigurationName = Release;
		};
/* End XCConfigurationList section */
	};
	rootObject = 1B16843B1C3B164200220B6E /* Project object */;
}
