// !$*UTF8*$!
{
	archiveVersion = 1;
	classes = {
	};
	objectVersion = 46;
	objects = {

/* Begin PBXBuildFile section */
		1BB2EE991C359A9C0066BECE /* SwiftyJSON.framework in Frameworks */ = {isa = PBXBuildFile; fileRef = 1BB2EE981C359A9C0066BECE /* SwiftyJSON.framework */; settings = {ATTRIBUTES = (Required, ); }; };
		1BFC2E7E1BF1AA7300885EBB /* AppDelegate.swift in Sources */ = {isa = PBXBuildFile; fileRef = 1BFC2E7D1BF1AA7300885EBB /* AppDelegate.swift */; };
		1BFC2E801BF1AA7300885EBB /* ImagePickerViewController.swift in Sources */ = {isa = PBXBuildFile; fileRef = 1BFC2E7F1BF1AA7300885EBB /* ImagePickerViewController.swift */; };
		1BFC2E831BF1AA7300885EBB /* Main.storyboard in Resources */ = {isa = PBXBuildFile; fileRef = 1BFC2E811BF1AA7300885EBB /* Main.storyboard */; };
		1BFC2E851BF1AA7300885EBB /* Assets.xcassets in Resources */ = {isa = PBXBuildFile; fileRef = 1BFC2E841BF1AA7300885EBB /* Assets.xcassets */; };
		1BFC2E881BF1AA7300885EBB /* LaunchScreen.storyboard in Resources */ = {isa = PBXBuildFile; fileRef = 1BFC2E861BF1AA7300885EBB /* LaunchScreen.storyboard */; };
		1BFC2E931BF1AA7300885EBB /* imagepickerTests.swift in Sources */ = {isa = PBXBuildFile; fileRef = 1BFC2E921BF1AA7300885EBB /* imagepickerTests.swift */; };
		1BFC2E9E1BF1AA7300885EBB /* imagepickerUITests.swift in Sources */ = {isa = PBXBuildFile; fileRef = 1BFC2E9D1BF1AA7300885EBB /* imagepickerUITests.swift */; };
		DC6D6714E04797FA123D80F1 /* Pods_imagepicker.framework in Frameworks */ = {isa = PBXBuildFile; fileRef = 249890A99ED0C03E4BF78770 /* Pods_imagepicker.framework */; };
/* End PBXBuildFile section */

/* Begin PBXContainerItemProxy section */
		1BFC2E8F1BF1AA7300885EBB /* PBXContainerItemProxy */ = {
			isa = PBXContainerItemProxy;
			containerPortal = 1BFC2E721BF1AA7300885EBB /* Project object */;
			proxyType = 1;
			remoteGlobalIDString = 1BFC2E791BF1AA7300885EBB;
			remoteInfo = imagepicker;
		};
		1BFC2E9A1BF1AA7300885EBB /* PBXContainerItemProxy */ = {
			isa = PBXContainerItemProxy;
			containerPortal = 1BFC2E721BF1AA7300885EBB /* Project object */;
			proxyType = 1;
			remoteGlobalIDString = 1BFC2E791BF1AA7300885EBB;
			remoteInfo = imagepicker;
		};
/* End PBXContainerItemProxy section */

/* Begin PBXFileReference section */
		1BB2EE981C359A9C0066BECE /* SwiftyJSON.framework */ = {isa = PBXFileReference; lastKnownFileType = wrapper.framework; name = SwiftyJSON.framework; path = "Pods/../build/Debug-iphoneos/SwiftyJSON.framework"; sourceTree = "<group>"; };
		1BFC2E7A1BF1AA7300885EBB /* imagepicker.app */ = {isa = PBXFileReference; explicitFileType = wrapper.application; includeInIndex = 0; path = imagepicker.app; sourceTree = BUILT_PRODUCTS_DIR; };
		1BFC2E7D1BF1AA7300885EBB /* AppDelegate.swift */ = {isa = PBXFileReference; lastKnownFileType = sourcecode.swift; path = AppDelegate.swift; sourceTree = "<group>"; };
		1BFC2E7F1BF1AA7300885EBB /* ImagePickerViewController.swift */ = {isa = PBXFileReference; lastKnownFileType = sourcecode.swift; path = ImagePickerViewController.swift; sourceTree = "<group>"; };
		1BFC2E821BF1AA7300885EBB /* Base */ = {isa = PBXFileReference; lastKnownFileType = file.storyboard; name = Base; path = Base.lproj/Main.storyboard; sourceTree = "<group>"; };
		1BFC2E841BF1AA7300885EBB /* Assets.xcassets */ = {isa = PBXFileReference; lastKnownFileType = folder.assetcatalog; path = Assets.xcassets; sourceTree = "<group>"; };
		1BFC2E871BF1AA7300885EBB /* Base */ = {isa = PBXFileReference; lastKnownFileType = file.storyboard; name = Base; path = Base.lproj/LaunchScreen.storyboard; sourceTree = "<group>"; };
		1BFC2E891BF1AA7300885EBB /* Info.plist */ = {isa = PBXFileReference; lastKnownFileType = text.plist.xml; path = Info.plist; sourceTree = "<group>"; };
		1BFC2E8E1BF1AA7300885EBB /* imagepickerTests.xctest */ = {isa = PBXFileReference; explicitFileType = wrapper.cfbundle; includeInIndex = 0; path = imagepickerTests.xctest; sourceTree = BUILT_PRODUCTS_DIR; };
		1BFC2E921BF1AA7300885EBB /* imagepickerTests.swift */ = {isa = PBXFileReference; lastKnownFileType = sourcecode.swift; path = imagepickerTests.swift; sourceTree = "<group>"; };
		1BFC2E941BF1AA7300885EBB /* Info.plist */ = {isa = PBXFileReference; lastKnownFileType = text.plist.xml; path = Info.plist; sourceTree = "<group>"; };
		1BFC2E991BF1AA7300885EBB /* imagepickerUITests.xctest */ = {isa = PBXFileReference; explicitFileType = wrapper.cfbundle; includeInIndex = 0; path = imagepickerUITests.xctest; sourceTree = BUILT_PRODUCTS_DIR; };
		1BFC2E9D1BF1AA7300885EBB /* imagepickerUITests.swift */ = {isa = PBXFileReference; lastKnownFileType = sourcecode.swift; path = imagepickerUITests.swift; sourceTree = "<group>"; };
		1BFC2E9F1BF1AA7300885EBB /* Info.plist */ = {isa = PBXFileReference; lastKnownFileType = text.plist.xml; path = Info.plist; sourceTree = "<group>"; };
		249890A99ED0C03E4BF78770 /* Pods_imagepicker.framework */ = {isa = PBXFileReference; explicitFileType = wrapper.framework; includeInIndex = 0; path = Pods_imagepicker.framework; sourceTree = BUILT_PRODUCTS_DIR; };
		39CF979D4FE706B3A1A1DD8B /* Pods-imagepicker.release.xcconfig */ = {isa = PBXFileReference; includeInIndex = 1; lastKnownFileType = text.xcconfig; name = "Pods-imagepicker.release.xcconfig"; path = "Pods/Target Support Files/Pods-imagepicker/Pods-imagepicker.release.xcconfig"; sourceTree = "<group>"; };
		D1D2D37BECBAFEFA38A63C60 /* Pods-imagepicker.debug.xcconfig */ = {isa = PBXFileReference; includeInIndex = 1; lastKnownFileType = text.xcconfig; name = "Pods-imagepicker.debug.xcconfig"; path = "Pods/Target Support Files/Pods-imagepicker/Pods-imagepicker.debug.xcconfig"; sourceTree = "<group>"; };
/* End PBXFileReference section */

/* Begin PBXFrameworksBuildPhase section */
		1BFC2E771BF1AA7300885EBB /* Frameworks */ = {
			isa = PBXFrameworksBuildPhase;
			buildActionMask = 2147483647;
			files = (
				1BB2EE991C359A9C0066BECE /* SwiftyJSON.framework in Frameworks */,
				DC6D6714E04797FA123D80F1 /* Pods_imagepicker.framework in Frameworks */,
			);
			runOnlyForDeploymentPostprocessing = 0;
		};
		1BFC2E8B1BF1AA7300885EBB /* Frameworks */ = {
			isa = PBXFrameworksBuildPhase;
			buildActionMask = 2147483647;
			files = (
			);
			runOnlyForDeploymentPostprocessing = 0;
		};
		1BFC2E961BF1AA7300885EBB /* Frameworks */ = {
			isa = PBXFrameworksBuildPhase;
			buildActionMask = 2147483647;
			files = (
			);
			runOnlyForDeploymentPostprocessing = 0;
		};
/* End PBXFrameworksBuildPhase section */

/* Begin PBXGroup section */
		1A7875495C2015C0FC41D8D9 /* Frameworks */ = {
			isa = PBXGroup;
			children = (
				1BB2EE981C359A9C0066BECE /* SwiftyJSON.framework */,
				249890A99ED0C03E4BF78770 /* Pods_imagepicker.framework */,
			);
			name = Frameworks;
			sourceTree = "<group>";
		};
		1BFC2E711BF1AA7300885EBB = {
			isa = PBXGroup;
			children = (
				1BFC2E7C1BF1AA7300885EBB /* imagepicker */,
				1BFC2E911BF1AA7300885EBB /* imagepickerTests */,
				1BFC2E9C1BF1AA7300885EBB /* imagepickerUITests */,
				1BFC2E7B1BF1AA7300885EBB /* Products */,
				1A7875495C2015C0FC41D8D9 /* Frameworks */,
				BE5828B94D8C2B8600046DBC /* Pods */,
			);
			sourceTree = "<group>";
		};
		1BFC2E7B1BF1AA7300885EBB /* Products */ = {
			isa = PBXGroup;
			children = (
				1BFC2E7A1BF1AA7300885EBB /* imagepicker.app */,
				1BFC2E8E1BF1AA7300885EBB /* imagepickerTests.xctest */,
				1BFC2E991BF1AA7300885EBB /* imagepickerUITests.xctest */,
			);
			name = Products;
			sourceTree = "<group>";
		};
		1BFC2E7C1BF1AA7300885EBB /* imagepicker */ = {
			isa = PBXGroup;
			children = (
				1BFC2E7D1BF1AA7300885EBB /* AppDelegate.swift */,
				1BFC2E7F1BF1AA7300885EBB /* ImagePickerViewController.swift */,
				1BFC2E811BF1AA7300885EBB /* Main.storyboard */,
				1BFC2E841BF1AA7300885EBB /* Assets.xcassets */,
				1BFC2E861BF1AA7300885EBB /* LaunchScreen.storyboard */,
				1BFC2E891BF1AA7300885EBB /* Info.plist */,
			);
			path = imagepicker;
			sourceTree = "<group>";
		};
		1BFC2E911BF1AA7300885EBB /* imagepickerTests */ = {
			isa = PBXGroup;
			children = (
				1BFC2E921BF1AA7300885EBB /* imagepickerTests.swift */,
				1BFC2E941BF1AA7300885EBB /* Info.plist */,
			);
			path = imagepickerTests;
			sourceTree = "<group>";
		};
		1BFC2E9C1BF1AA7300885EBB /* imagepickerUITests */ = {
			isa = PBXGroup;
			children = (
				1BFC2E9D1BF1AA7300885EBB /* imagepickerUITests.swift */,
				1BFC2E9F1BF1AA7300885EBB /* Info.plist */,
			);
			path = imagepickerUITests;
			sourceTree = "<group>";
		};
		BE5828B94D8C2B8600046DBC /* Pods */ = {
			isa = PBXGroup;
			children = (
				D1D2D37BECBAFEFA38A63C60 /* Pods-imagepicker.debug.xcconfig */,
				39CF979D4FE706B3A1A1DD8B /* Pods-imagepicker.release.xcconfig */,
			);
			name = Pods;
			sourceTree = "<group>";
		};
/* End PBXGroup section */

/* Begin PBXNativeTarget section */
		1BFC2E791BF1AA7300885EBB /* imagepicker */ = {
			isa = PBXNativeTarget;
			buildConfigurationList = 1BFC2EA21BF1AA7300885EBB /* Build configuration list for PBXNativeTarget "imagepicker" */;
			buildPhases = (
				975209D4FA62D26BE2E4CA99 /* [CP] Check Pods Manifest.lock */,
				1BFC2E761BF1AA7300885EBB /* Sources */,
				1BFC2E771BF1AA7300885EBB /* Frameworks */,
				1BFC2E781BF1AA7300885EBB /* Resources */,
				15ECBB217AF75D1452C9A91F /* [CP] Embed Pods Frameworks */,
				DBFDDE810FC2D217CD212341 /* [CP] Copy Pods Resources */,
			);
			buildRules = (
			);
			dependencies = (
			);
			name = imagepicker;
			productName = imagepicker;
			productReference = 1BFC2E7A1BF1AA7300885EBB /* imagepicker.app */;
			productType = "com.apple.product-type.application";
		};
		1BFC2E8D1BF1AA7300885EBB /* imagepickerTests */ = {
			isa = PBXNativeTarget;
			buildConfigurationList = 1BFC2EA51BF1AA7300885EBB /* Build configuration list for PBXNativeTarget "imagepickerTests" */;
			buildPhases = (
				1BFC2E8A1BF1AA7300885EBB /* Sources */,
				1BFC2E8B1BF1AA7300885EBB /* Frameworks */,
				1BFC2E8C1BF1AA7300885EBB /* Resources */,
			);
			buildRules = (
			);
			dependencies = (
				1BFC2E901BF1AA7300885EBB /* PBXTargetDependency */,
			);
			name = imagepickerTests;
			productName = imagepickerTests;
			productReference = 1BFC2E8E1BF1AA7300885EBB /* imagepickerTests.xctest */;
			productType = "com.apple.product-type.bundle.unit-test";
		};
		1BFC2E981BF1AA7300885EBB /* imagepickerUITests */ = {
			isa = PBXNativeTarget;
			buildConfigurationList = 1BFC2EA81BF1AA7300885EBB /* Build configuration list for PBXNativeTarget "imagepickerUITests" */;
			buildPhases = (
				1BFC2E951BF1AA7300885EBB /* Sources */,
				1BFC2E961BF1AA7300885EBB /* Frameworks */,
				1BFC2E971BF1AA7300885EBB /* Resources */,
			);
			buildRules = (
			);
			dependencies = (
				1BFC2E9B1BF1AA7300885EBB /* PBXTargetDependency */,
			);
			name = imagepickerUITests;
			productName = imagepickerUITests;
			productReference = 1BFC2E991BF1AA7300885EBB /* imagepickerUITests.xctest */;
			productType = "com.apple.product-type.bundle.ui-testing";
		};
/* End PBXNativeTarget section */

/* Begin PBXProject section */
		1BFC2E721BF1AA7300885EBB /* Project object */ = {
			isa = PBXProject;
			attributes = {
				LastSwiftUpdateCheck = 0710;
				LastUpgradeCheck = 0810;
				ORGANIZATIONNAME = "Sara Robinson";
				TargetAttributes = {
					1BFC2E791BF1AA7300885EBB = {
						CreatedOnToolsVersion = 7.1;
						DevelopmentTeam = D62P5TUK7U;
						LastSwiftMigration = 0810;
					};
					1BFC2E8D1BF1AA7300885EBB = {
						CreatedOnToolsVersion = 7.1;
						LastSwiftMigration = 0810;
						TestTargetID = 1BFC2E791BF1AA7300885EBB;
					};
					1BFC2E981BF1AA7300885EBB = {
						CreatedOnToolsVersion = 7.1;
						LastSwiftMigration = 0810;
						TestTargetID = 1BFC2E791BF1AA7300885EBB;
					};
				};
			};
			buildConfigurationList = 1BFC2E751BF1AA7300885EBB /* Build configuration list for PBXProject "imagepicker" */;
			compatibilityVersion = "Xcode 3.2";
			developmentRegion = English;
			hasScannedForEncodings = 0;
			knownRegions = (
				en,
				Base,
			);
			mainGroup = 1BFC2E711BF1AA7300885EBB;
			productRefGroup = 1BFC2E7B1BF1AA7300885EBB /* Products */;
			projectDirPath = "";
			projectRoot = "";
			targets = (
				1BFC2E791BF1AA7300885EBB /* imagepicker */,
				1BFC2E8D1BF1AA7300885EBB /* imagepickerTests */,
				1BFC2E981BF1AA7300885EBB /* imagepickerUITests */,
			);
		};
/* End PBXProject section */

/* Begin PBXResourcesBuildPhase section */
		1BFC2E781BF1AA7300885EBB /* Resources */ = {
			isa = PBXResourcesBuildPhase;
			buildActionMask = 2147483647;
			files = (
				1BFC2E881BF1AA7300885EBB /* LaunchScreen.storyboard in Resources */,
				1BFC2E851BF1AA7300885EBB /* Assets.xcassets in Resources */,
				1BFC2E831BF1AA7300885EBB /* Main.storyboard in Resources */,
			);
			runOnlyForDeploymentPostprocessing = 0;
		};
		1BFC2E8C1BF1AA7300885EBB /* Resources */ = {
			isa = PBXResourcesBuildPhase;
			buildActionMask = 2147483647;
			files = (
			);
			runOnlyForDeploymentPostprocessing = 0;
		};
		1BFC2E971BF1AA7300885EBB /* Resources */ = {
			isa = PBXResourcesBuildPhase;
			buildActionMask = 2147483647;
			files = (
			);
			runOnlyForDeploymentPostprocessing = 0;
		};
/* End PBXResourcesBuildPhase section */

/* Begin PBXShellScriptBuildPhase section */
		15ECBB217AF75D1452C9A91F /* [CP] Embed Pods Frameworks */ = {
			isa = PBXShellScriptBuildPhase;
			buildActionMask = 2147483647;
			files = (
			);
			inputPaths = (
			);
			name = "[CP] Embed Pods Frameworks";
			outputPaths = (
			);
			runOnlyForDeploymentPostprocessing = 0;
			shellPath = /bin/sh;
			shellScript = "\"${SRCROOT}/Pods/Target Support Files/Pods-imagepicker/Pods-imagepicker-frameworks.sh\"\n";
			showEnvVarsInLog = 0;
		};
		975209D4FA62D26BE2E4CA99 /* [CP] Check Pods Manifest.lock */ = {
			isa = PBXShellScriptBuildPhase;
			buildActionMask = 2147483647;
			files = (
			);
			inputPaths = (
			);
			name = "[CP] Check Pods Manifest.lock";
			outputPaths = (
			);
			runOnlyForDeploymentPostprocessing = 0;
			shellPath = /bin/sh;
			shellScript = "diff \"${PODS_ROOT}/../Podfile.lock\" \"${PODS_ROOT}/Manifest.lock\" > /dev/null\nif [[ $? != 0 ]] ; then\n    cat << EOM\nerror: The sandbox is not in sync with the Podfile.lock. Run 'pod install' or update your CocoaPods installation.\nEOM\n    exit 1\nfi\n";
			showEnvVarsInLog = 0;
		};
		DBFDDE810FC2D217CD212341 /* [CP] Copy Pods Resources */ = {
			isa = PBXShellScriptBuildPhase;
			buildActionMask = 2147483647;
			files = (
			);
			inputPaths = (
			);
			name = "[CP] Copy Pods Resources";
			outputPaths = (
			);
			runOnlyForDeploymentPostprocessing = 0;
			shellPath = /bin/sh;
			shellScript = "\"${SRCROOT}/Pods/Target Support Files/Pods-imagepicker/Pods-imagepicker-resources.sh\"\n";
			showEnvVarsInLog = 0;
		};
/* End PBXShellScriptBuildPhase section */

/* Begin PBXSourcesBuildPhase section */
		1BFC2E761BF1AA7300885EBB /* Sources */ = {
			isa = PBXSourcesBuildPhase;
			buildActionMask = 2147483647;
			files = (
				1BFC2E801BF1AA7300885EBB /* ImagePickerViewController.swift in Sources */,
				1BFC2E7E1BF1AA7300885EBB /* AppDelegate.swift in Sources */,
			);
			runOnlyForDeploymentPostprocessing = 0;
		};
		1BFC2E8A1BF1AA7300885EBB /* Sources */ = {
			isa = PBXSourcesBuildPhase;
			buildActionMask = 2147483647;
			files = (
				1BFC2E931BF1AA7300885EBB /* imagepickerTests.swift in Sources */,
			);
			runOnlyForDeploymentPostprocessing = 0;
		};
		1BFC2E951BF1AA7300885EBB /* Sources */ = {
			isa = PBXSourcesBuildPhase;
			buildActionMask = 2147483647;
			files = (
				1BFC2E9E1BF1AA7300885EBB /* imagepickerUITests.swift in Sources */,
			);
			runOnlyForDeploymentPostprocessing = 0;
		};
/* End PBXSourcesBuildPhase section */

/* Begin PBXTargetDependency section */
		1BFC2E901BF1AA7300885EBB /* PBXTargetDependency */ = {
			isa = PBXTargetDependency;
			target = 1BFC2E791BF1AA7300885EBB /* imagepicker */;
			targetProxy = 1BFC2E8F1BF1AA7300885EBB /* PBXContainerItemProxy */;
		};
		1BFC2E9B1BF1AA7300885EBB /* PBXTargetDependency */ = {
			isa = PBXTargetDependency;
			target = 1BFC2E791BF1AA7300885EBB /* imagepicker */;
			targetProxy = 1BFC2E9A1BF1AA7300885EBB /* PBXContainerItemProxy */;
		};
/* End PBXTargetDependency section */

/* Begin PBXVariantGroup section */
		1BFC2E811BF1AA7300885EBB /* Main.storyboard */ = {
			isa = PBXVariantGroup;
			children = (
				1BFC2E821BF1AA7300885EBB /* Base */,
			);
			name = Main.storyboard;
			sourceTree = "<group>";
		};
		1BFC2E861BF1AA7300885EBB /* LaunchScreen.storyboard */ = {
			isa = PBXVariantGroup;
			children = (
				1BFC2E871BF1AA7300885EBB /* Base */,
			);
			name = LaunchScreen.storyboard;
			sourceTree = "<group>";
		};
/* End PBXVariantGroup section */

/* Begin XCBuildConfiguration section */
		1BFC2EA01BF1AA7300885EBB /* Debug */ = {
			isa = XCBuildConfiguration;
			buildSettings = {
				ALWAYS_SEARCH_USER_PATHS = NO;
				CLANG_CXX_LANGUAGE_STANDARD = "gnu++0x";
				CLANG_CXX_LIBRARY = "libc++";
				CLANG_ENABLE_MODULES = YES;
				CLANG_ENABLE_OBJC_ARC = YES;
				CLANG_WARN_BOOL_CONVERSION = YES;
				CLANG_WARN_CONSTANT_CONVERSION = YES;
				CLANG_WARN_DIRECT_OBJC_ISA_USAGE = YES_ERROR;
				CLANG_WARN_EMPTY_BODY = YES;
				CLANG_WARN_ENUM_CONVERSION = YES;
				CLANG_WARN_INFINITE_RECURSION = YES;
				CLANG_WARN_INT_CONVERSION = YES;
				CLANG_WARN_OBJC_ROOT_CLASS = YES_ERROR;
				CLANG_WARN_SUSPICIOUS_MOVE = YES;
				CLANG_WARN_UNREACHABLE_CODE = YES;
				CLANG_WARN__DUPLICATE_METHOD_MATCH = YES;
				"CODE_SIGN_IDENTITY[sdk=iphoneos*]" = "iPhone Developer";
				COPY_PHASE_STRIP = NO;
				DEBUG_INFORMATION_FORMAT = dwarf;
				ENABLE_STRICT_OBJC_MSGSEND = YES;
				ENABLE_TESTABILITY = YES;
				GCC_C_LANGUAGE_STANDARD = gnu99;
				GCC_DYNAMIC_NO_PIC = NO;
				GCC_NO_COMMON_BLOCKS = YES;
				GCC_OPTIMIZATION_LEVEL = 0;
				GCC_PREPROCESSOR_DEFINITIONS = (
					"DEBUG=1",
					"$(inherited)",
				);
				GCC_WARN_64_TO_32_BIT_CONVERSION = YES;
				GCC_WARN_ABOUT_RETURN_TYPE = YES_ERROR;
				GCC_WARN_UNDECLARED_SELECTOR = YES;
				GCC_WARN_UNINITIALIZED_AUTOS = YES_AGGRESSIVE;
				GCC_WARN_UNUSED_FUNCTION = YES;
				GCC_WARN_UNUSED_VARIABLE = YES;
				IPHONEOS_DEPLOYMENT_TARGET = 9.1;
				MTL_ENABLE_DEBUG_INFO = YES;
				ONLY_ACTIVE_ARCH = YES;
				SDKROOT = iphoneos;
				SWIFT_OPTIMIZATION_LEVEL = "-Onone";
				TARGETED_DEVICE_FAMILY = "1,2";
			};
			name = Debug;
		};
		1BFC2EA11BF1AA7300885EBB /* Release */ = {
			isa = XCBuildConfiguration;
			buildSettings = {
				ALWAYS_SEARCH_USER_PATHS = NO;
				CLANG_CXX_LANGUAGE_STANDARD = "gnu++0x";
				CLANG_CXX_LIBRARY = "libc++";
				CLANG_ENABLE_MODULES = YES;
				CLANG_ENABLE_OBJC_ARC = YES;
				CLANG_WARN_BOOL_CONVERSION = YES;
				CLANG_WARN_CONSTANT_CONVERSION = YES;
				CLANG_WARN_DIRECT_OBJC_ISA_USAGE = YES_ERROR;
				CLANG_WARN_EMPTY_BODY = YES;
				CLANG_WARN_ENUM_CONVERSION = YES;
				CLANG_WARN_INFINITE_RECURSION = YES;
				CLANG_WARN_INT_CONVERSION = YES;
				CLANG_WARN_OBJC_ROOT_CLASS = YES_ERROR;
				CLANG_WARN_SUSPICIOUS_MOVE = YES;
				CLANG_WARN_UNREACHABLE_CODE = YES;
				CLANG_WARN__DUPLICATE_METHOD_MATCH = YES;
				"CODE_SIGN_IDENTITY[sdk=iphoneos*]" = "iPhone Developer";
				COPY_PHASE_STRIP = NO;
				DEBUG_INFORMATION_FORMAT = "dwarf-with-dsym";
				ENABLE_NS_ASSERTIONS = NO;
				ENABLE_STRICT_OBJC_MSGSEND = YES;
				GCC_C_LANGUAGE_STANDARD = gnu99;
				GCC_NO_COMMON_BLOCKS = YES;
				GCC_WARN_64_TO_32_BIT_CONVERSION = YES;
				GCC_WARN_ABOUT_RETURN_TYPE = YES_ERROR;
				GCC_WARN_UNDECLARED_SELECTOR = YES;
				GCC_WARN_UNINITIALIZED_AUTOS = YES_AGGRESSIVE;
				GCC_WARN_UNUSED_FUNCTION = YES;
				GCC_WARN_UNUSED_VARIABLE = YES;
				IPHONEOS_DEPLOYMENT_TARGET = 9.1;
				MTL_ENABLE_DEBUG_INFO = NO;
				SDKROOT = iphoneos;
				SWIFT_OPTIMIZATION_LEVEL = "-Owholemodule";
				TARGETED_DEVICE_FAMILY = "1,2";
				VALIDATE_PRODUCT = YES;
			};
			name = Release;
		};
		1BFC2EA31BF1AA7300885EBB /* Debug */ = {
			isa = XCBuildConfiguration;
			baseConfigurationReference = D1D2D37BECBAFEFA38A63C60 /* Pods-imagepicker.debug.xcconfig */;
			buildSettings = {
				ALWAYS_EMBED_SWIFT_STANDARD_LIBRARIES = YES;
				ASSETCATALOG_COMPILER_APPICON_NAME = AppIcon;
				CODE_SIGN_IDENTITY = "iPhone Developer";
				"CODE_SIGN_IDENTITY[sdk=iphoneos*]" = "iPhone Developer";
				FRAMEWORK_SEARCH_PATHS = (
					"$(inherited)",
					"$(PROJECT_DIR)/build/Debug-iphoneos",
				);
				INFOPLIST_FILE = imagepicker/Info.plist;
				LD_RUNPATH_SEARCH_PATHS = "$(inherited) @executable_path/Frameworks";
				PRODUCT_BUNDLE_IDENTIFIER = com.google.cloud.vision.sample.imagepicker;
				PRODUCT_NAME = "$(TARGET_NAME)";
				PROVISIONING_PROFILE = "";
				SWIFT_VERSION = 3.0;
			};
			name = Debug;
		};
		1BFC2EA41BF1AA7300885EBB /* Release */ = {
			isa = XCBuildConfiguration;
			baseConfigurationReference = 39CF979D4FE706B3A1A1DD8B /* Pods-imagepicker.release.xcconfig */;
			buildSettings = {
				ALWAYS_EMBED_SWIFT_STANDARD_LIBRARIES = YES;
				ASSETCATALOG_COMPILER_APPICON_NAME = AppIcon;
				CODE_SIGN_IDENTITY = "iPhone Developer";
				"CODE_SIGN_IDENTITY[sdk=iphoneos*]" = "iPhone Developer";
				FRAMEWORK_SEARCH_PATHS = (
					"$(inherited)",
					"$(PROJECT_DIR)/build/Debug-iphoneos",
				);
				INFOPLIST_FILE = imagepicker/Info.plist;
				LD_RUNPATH_SEARCH_PATHS = "$(inherited) @executable_path/Frameworks";
				PRODUCT_BUNDLE_IDENTIFIER = com.google.cloud.vision.sample.imagepicker;
				PRODUCT_NAME = "$(TARGET_NAME)";
				PROVISIONING_PROFILE = "";
				SWIFT_VERSION = 3.0;
			};
			name = Release;
		};
		1BFC2EA61BF1AA7300885EBB /* Debug */ = {
			isa = XCBuildConfiguration;
			buildSettings = {
				BUNDLE_LOADER = "$(TEST_HOST)";
				INFOPLIST_FILE = imagepickerTests/Info.plist;
				LD_RUNPATH_SEARCH_PATHS = "$(inherited) @executable_path/Frameworks @loader_path/Frameworks";
				PRODUCT_BUNDLE_IDENTIFIER = com.sara.woot.imagepickerTests;
				PRODUCT_NAME = "$(TARGET_NAME)";
				SWIFT_VERSION = 3.0;
				TEST_HOST = "$(BUILT_PRODUCTS_DIR)/imagepicker.app/imagepicker";
			};
			name = Debug;
		};
		1BFC2EA71BF1AA7300885EBB /* Release */ = {
			isa = XCBuildConfiguration;
			buildSettings = {
				BUNDLE_LOADER = "$(TEST_HOST)";
				INFOPLIST_FILE = imagepickerTests/Info.plist;
				LD_RUNPATH_SEARCH_PATHS = "$(inherited) @executable_path/Frameworks @loader_path/Frameworks";
				PRODUCT_BUNDLE_IDENTIFIER = com.sara.woot.imagepickerTests;
				PRODUCT_NAME = "$(TARGET_NAME)";
				SWIFT_VERSION = 3.0;
				TEST_HOST = "$(BUILT_PRODUCTS_DIR)/imagepicker.app/imagepicker";
			};
			name = Release;
		};
		1BFC2EA91BF1AA7300885EBB /* Debug */ = {
			isa = XCBuildConfiguration;
			buildSettings = {
				INFOPLIST_FILE = imagepickerUITests/Info.plist;
				LD_RUNPATH_SEARCH_PATHS = "$(inherited) @executable_path/Frameworks @loader_path/Frameworks";
				PRODUCT_BUNDLE_IDENTIFIER = com.sara.woot.imagepickerUITests;
				PRODUCT_NAME = "$(TARGET_NAME)";
				SWIFT_VERSION = 3.0;
				TEST_TARGET_NAME = imagepicker;
				USES_XCTRUNNER = YES;
			};
			name = Debug;
		};
		1BFC2EAA1BF1AA7300885EBB /* Release */ = {
			isa = XCBuildConfiguration;
			buildSettings = {
				INFOPLIST_FILE = imagepickerUITests/Info.plist;
				LD_RUNPATH_SEARCH_PATHS = "$(inherited) @executable_path/Frameworks @loader_path/Frameworks";
				PRODUCT_BUNDLE_IDENTIFIER = com.sara.woot.imagepickerUITests;
				PRODUCT_NAME = "$(TARGET_NAME)";
				SWIFT_VERSION = 3.0;
				TEST_TARGET_NAME = imagepicker;
				USES_XCTRUNNER = YES;
			};
			name = Release;
		};
/* End XCBuildConfiguration section */

/* Begin XCConfigurationList section */
		1BFC2E751BF1AA7300885EBB /* Build configuration list for PBXProject "imagepicker" */ = {
			isa = XCConfigurationList;
			buildConfigurations = (
				1BFC2EA01BF1AA7300885EBB /* Debug */,
				1BFC2EA11BF1AA7300885EBB /* Release */,
			);
			defaultConfigurationIsVisible = 0;
			defaultConfigurationName = Release;
		};
		1BFC2EA21BF1AA7300885EBB /* Build configuration list for PBXNativeTarget "imagepicker" */ = {
			isa = XCConfigurationList;
			buildConfigurations = (
				1BFC2EA31BF1AA7300885EBB /* Debug */,
				1BFC2EA41BF1AA7300885EBB /* Release */,
			);
			defaultConfigurationIsVisible = 0;
			defaultConfigurationName = Release;
		};
		1BFC2EA51BF1AA7300885EBB /* Build configuration list for PBXNativeTarget "imagepickerTests" */ = {
			isa = XCConfigurationList;
			buildConfigurations = (
				1BFC2EA61BF1AA7300885EBB /* Debug */,
				1BFC2EA71BF1AA7300885EBB /* Release */,
			);
			defaultConfigurationIsVisible = 0;
			defaultConfigurationName = Release;
		};
		1BFC2EA81BF1AA7300885EBB /* Build configuration list for PBXNativeTarget "imagepickerUITests" */ = {
			isa = XCConfigurationList;
			buildConfigurations = (
				1BFC2EA91BF1AA7300885EBB /* Debug */,
				1BFC2EAA1BF1AA7300885EBB /* Release */,
			);
			defaultConfigurationIsVisible = 0;
			defaultConfigurationName = Release;
		};
/* End XCConfigurationList section */
	};
	rootObject = 1BFC2E721BF1AA7300885EBB /* Project object */;
}
